// !$*UTF8*$!
{
	archiveVersion = 1;
	classes = {
	};
	objectVersion = 51;
	objects = {

/* Begin PBXBuildFile section */
		1B1A6D488B3644C9050A65DD /* Pods_CountriesFlags.framework in Frameworks */ = {isa = PBXBuildFile; fileRef = EA50CDE099B6F727D4C55162 /* Pods_CountriesFlags.framework */; };
		9C6007F426C526A80064EAB8 /* AppDelegate.swift in Sources */ = {isa = PBXBuildFile; fileRef = 9C6007F326C526A80064EAB8 /* AppDelegate.swift */; };
		9C6007F626C526A80064EAB8 /* SceneDelegate.swift in Sources */ = {isa = PBXBuildFile; fileRef = 9C6007F526C526A80064EAB8 /* SceneDelegate.swift */; };
		9C6007F826C526A80064EAB8 /* FlagsViewController.swift in Sources */ = {isa = PBXBuildFile; fileRef = 9C6007F726C526A80064EAB8 /* FlagsViewController.swift */; };
		9C6007FD26C526A90064EAB8 /* Assets.xcassets in Resources */ = {isa = PBXBuildFile; fileRef = 9C6007FC26C526A90064EAB8 /* Assets.xcassets */; };
		9C60080026C526A90064EAB8 /* LaunchScreen.storyboard in Resources */ = {isa = PBXBuildFile; fileRef = 9C6007FE26C526A90064EAB8 /* LaunchScreen.storyboard */; };
		9C60080B26C53DC90064EAB8 /* MainViewController.swift in Sources */ = {isa = PBXBuildFile; fileRef = 9C60080A26C53DC90064EAB8 /* MainViewController.swift */; };
		9C60080D26C53EB70064EAB8 /* FlagsViewModel.swift in Sources */ = {isa = PBXBuildFile; fileRef = 9C60080C26C53EB70064EAB8 /* FlagsViewModel.swift */; };
		9C60080F26C53ECB0064EAB8 /* FlagsView.swift in Sources */ = {isa = PBXBuildFile; fileRef = 9C60080E26C53ECB0064EAB8 /* FlagsView.swift */; };
		9C60081126C5418D0064EAB8 /* ToDo.swift in Sources */ = {isa = PBXBuildFile; fileRef = 9C60081026C5418C0064EAB8 /* ToDo.swift */; };
		9C60081526C543EC0064EAB8 /* FlagModel.swift in Sources */ = {isa = PBXBuildFile; fileRef = 9C60081426C543EC0064EAB8 /* FlagModel.swift */; };
		9C60081826C54FA50064EAB8 /* UIViewExtensions.swift in Sources */ = {isa = PBXBuildFile; fileRef = 9C60081726C54FA50064EAB8 /* UIViewExtensions.swift */; };
		9C60081B26C553060064EAB8 /* Assets.swift in Sources */ = {isa = PBXBuildFile; fileRef = 9C60081A26C553060064EAB8 /* Assets.swift */; };
		9C60081E26C566680064EAB8 /* FlagCollectionViewCell.swift in Sources */ = {isa = PBXBuildFile; fileRef = 9C60081D26C566680064EAB8 /* FlagCollectionViewCell.swift */; };
/* End PBXBuildFile section */

/* Begin PBXFileReference section */
		7E09EADF63C4E4031B9DF587 /* Pods-CountriesFlags.release.xcconfig */ = {isa = PBXFileReference; includeInIndex = 1; lastKnownFileType = text.xcconfig; name = "Pods-CountriesFlags.release.xcconfig"; path = "Target Support Files/Pods-CountriesFlags/Pods-CountriesFlags.release.xcconfig"; sourceTree = "<group>"; };
		9C5FFC021F7A06D3B80D8083 /* Pods-CountriesFlags.debug.xcconfig */ = {isa = PBXFileReference; includeInIndex = 1; lastKnownFileType = text.xcconfig; name = "Pods-CountriesFlags.debug.xcconfig"; path = "Target Support Files/Pods-CountriesFlags/Pods-CountriesFlags.debug.xcconfig"; sourceTree = "<group>"; };
		9C6007F026C526A80064EAB8 /* CountriesFlags.app */ = {isa = PBXFileReference; explicitFileType = wrapper.application; includeInIndex = 0; path = CountriesFlags.app; sourceTree = BUILT_PRODUCTS_DIR; };
		9C6007F326C526A80064EAB8 /* AppDelegate.swift */ = {isa = PBXFileReference; lastKnownFileType = sourcecode.swift; path = AppDelegate.swift; sourceTree = "<group>"; };
		9C6007F526C526A80064EAB8 /* SceneDelegate.swift */ = {isa = PBXFileReference; lastKnownFileType = sourcecode.swift; path = SceneDelegate.swift; sourceTree = "<group>"; };
		9C6007F726C526A80064EAB8 /* FlagsViewController.swift */ = {isa = PBXFileReference; lastKnownFileType = sourcecode.swift; path = FlagsViewController.swift; sourceTree = "<group>"; };
		9C6007FC26C526A90064EAB8 /* Assets.xcassets */ = {isa = PBXFileReference; lastKnownFileType = folder.assetcatalog; path = Assets.xcassets; sourceTree = "<group>"; };
		9C6007FF26C526A90064EAB8 /* Base */ = {isa = PBXFileReference; lastKnownFileType = file.storyboard; name = Base; path = Base.lproj/LaunchScreen.storyboard; sourceTree = "<group>"; };
		9C60080126C526A90064EAB8 /* Info.plist */ = {isa = PBXFileReference; lastKnownFileType = text.plist.xml; path = Info.plist; sourceTree = "<group>"; };
		9C60080A26C53DC90064EAB8 /* MainViewController.swift */ = {isa = PBXFileReference; lastKnownFileType = sourcecode.swift; path = MainViewController.swift; sourceTree = "<group>"; };
		9C60080C26C53EB70064EAB8 /* FlagsViewModel.swift */ = {isa = PBXFileReference; lastKnownFileType = sourcecode.swift; path = FlagsViewModel.swift; sourceTree = "<group>"; };
		9C60080E26C53ECB0064EAB8 /* FlagsView.swift */ = {isa = PBXFileReference; lastKnownFileType = sourcecode.swift; path = FlagsView.swift; sourceTree = "<group>"; };
		9C60081026C5418C0064EAB8 /* ToDo.swift */ = {isa = PBXFileReference; lastKnownFileType = sourcecode.swift; path = ToDo.swift; sourceTree = "<group>"; };
		9C60081426C543EC0064EAB8 /* FlagModel.swift */ = {isa = PBXFileReference; lastKnownFileType = sourcecode.swift; path = FlagModel.swift; sourceTree = "<group>"; };
		9C60081726C54FA50064EAB8 /* UIViewExtensions.swift */ = {isa = PBXFileReference; lastKnownFileType = sourcecode.swift; path = UIViewExtensions.swift; sourceTree = "<group>"; };
		9C60081A26C553060064EAB8 /* Assets.swift */ = {isa = PBXFileReference; lastKnownFileType = sourcecode.swift; path = Assets.swift; sourceTree = "<group>"; };
		9C60081D26C566680064EAB8 /* FlagCollectionViewCell.swift */ = {isa = PBXFileReference; lastKnownFileType = sourcecode.swift; path = FlagCollectionViewCell.swift; sourceTree = "<group>"; };
		EA50CDE099B6F727D4C55162 /* Pods_CountriesFlags.framework */ = {isa = PBXFileReference; explicitFileType = wrapper.framework; includeInIndex = 0; path = Pods_CountriesFlags.framework; sourceTree = BUILT_PRODUCTS_DIR; };
/* End PBXFileReference section */

/* Begin PBXFrameworksBuildPhase section */
		9C6007ED26C526A80064EAB8 /* Frameworks */ = {
			isa = PBXFrameworksBuildPhase;
			buildActionMask = 2147483647;
			files = (
				1B1A6D488B3644C9050A65DD /* Pods_CountriesFlags.framework in Frameworks */,
			);
			runOnlyForDeploymentPostprocessing = 0;
		};
/* End PBXFrameworksBuildPhase section */

/* Begin PBXGroup section */
		8B91D65C0E300DC749FAEB4E /* Pods */ = {
			isa = PBXGroup;
			children = (
				9C5FFC021F7A06D3B80D8083 /* Pods-CountriesFlags.debug.xcconfig */,
				7E09EADF63C4E4031B9DF587 /* Pods-CountriesFlags.release.xcconfig */,
			);
			path = Pods;
			sourceTree = "<group>";
		};
		9C6007E726C526A80064EAB8 = {
			isa = PBXGroup;
			children = (
				9C6007F226C526A80064EAB8 /* CountriesFlags */,
				9C6007F126C526A80064EAB8 /* Products */,
				8B91D65C0E300DC749FAEB4E /* Pods */,
				B97384EE78C40735B729E293 /* Frameworks */,
			);
			sourceTree = "<group>";
		};
		9C6007F126C526A80064EAB8 /* Products */ = {
			isa = PBXGroup;
			children = (
				9C6007F026C526A80064EAB8 /* CountriesFlags.app */,
			);
			name = Products;
			sourceTree = "<group>";
		};
		9C6007F226C526A80064EAB8 /* CountriesFlags */ = {
			isa = PBXGroup;
			children = (
				9C60081326C543B90064EAB8 /* App */,
				9C60081626C54F7F0064EAB8 /* Extentions */,
				9C60081926C552DF0064EAB8 /* Generated */,
				9C60080726C53D5B0064EAB8 /* Scenes */,
				9C60081226C543950064EAB8 /* Resources */,
				9C60080126C526A90064EAB8 /* Info.plist */,
				9C60081026C5418C0064EAB8 /* ToDo.swift */,
			);
			path = CountriesFlags;
			sourceTree = "<group>";
		};
		9C60080726C53D5B0064EAB8 /* Scenes */ = {
			isa = PBXGroup;
			children = (
				9C60080926C53DAE0064EAB8 /* MainScene */,
				9C60080826C53D690064EAB8 /* Flags */,
			);
			path = Scenes;
			sourceTree = "<group>";
		};
		9C60080826C53D690064EAB8 /* Flags */ = {
			isa = PBXGroup;
			children = (
				9C60081C26C561690064EAB8 /* FlagCell */,
				9C60081426C543EC0064EAB8 /* FlagModel.swift */,
				9C60080E26C53ECB0064EAB8 /* FlagsView.swift */,
				9C6007F726C526A80064EAB8 /* FlagsViewController.swift */,
				9C60080C26C53EB70064EAB8 /* FlagsViewModel.swift */,
			);
			path = Flags;
			sourceTree = "<group>";
		};
		9C60080926C53DAE0064EAB8 /* MainScene */ = {
			isa = PBXGroup;
			children = (
				9C60080A26C53DC90064EAB8 /* MainViewController.swift */,
			);
			path = MainScene;
			sourceTree = "<group>";
		};
		9C60081226C543950064EAB8 /* Resources */ = {
			isa = PBXGroup;
			children = (
				9C6007FC26C526A90064EAB8 /* Assets.xcassets */,
			);
			path = Resources;
			sourceTree = "<group>";
		};
		9C60081326C543B90064EAB8 /* App */ = {
			isa = PBXGroup;
			children = (
				9C6007F326C526A80064EAB8 /* AppDelegate.swift */,
				9C6007F526C526A80064EAB8 /* SceneDelegate.swift */,
				9C6007FE26C526A90064EAB8 /* LaunchScreen.storyboard */,
			);
			path = App;
			sourceTree = "<group>";
		};
		9C60081626C54F7F0064EAB8 /* Extentions */ = {
			isa = PBXGroup;
			children = (
				9C60081726C54FA50064EAB8 /* UIViewExtensions.swift */,
			);
			path = Extentions;
			sourceTree = "<group>";
		};
		9C60081926C552DF0064EAB8 /* Generated */ = {
			isa = PBXGroup;
			children = (
				9C60081A26C553060064EAB8 /* Assets.swift */,
			);
			path = Generated;
			sourceTree = "<group>";
		};
		9C60081C26C561690064EAB8 /* FlagCell */ = {
			isa = PBXGroup;
			children = (
				9C60081D26C566680064EAB8 /* FlagCollectionViewCell.swift */,
			);
			path = FlagCell;
			sourceTree = "<group>";
		};
		B97384EE78C40735B729E293 /* Frameworks */ = {
			isa = PBXGroup;
			children = (
				EA50CDE099B6F727D4C55162 /* Pods_CountriesFlags.framework */,
			);
			name = Frameworks;
			sourceTree = "<group>";
		};
/* End PBXGroup section */

/* Begin PBXNativeTarget section */
		9C6007EF26C526A80064EAB8 /* CountriesFlags */ = {
			isa = PBXNativeTarget;
			buildConfigurationList = 9C60080426C526A90064EAB8 /* Build configuration list for PBXNativeTarget "CountriesFlags" */;
			buildPhases = (
				DEF0BD6D758A0B5FEE828B72 /* [CP] Check Pods Manifest.lock */,
				9C6007EC26C526A80064EAB8 /* Sources */,
				9C6007ED26C526A80064EAB8 /* Frameworks */,
				9C6007EE26C526A80064EAB8 /* Resources */,
				80DE1D581D89EC8C841F644E /* [CP] Embed Pods Frameworks */,
			);
			buildRules = (
			);
			dependencies = (
			);
			name = CountriesFlags;
			productName = CountriesFlags;
			productReference = 9C6007F026C526A80064EAB8 /* CountriesFlags.app */;
			productType = "com.apple.product-type.application";
		};
/* End PBXNativeTarget section */

/* Begin PBXProject section */
		9C6007E826C526A80064EAB8 /* Project object */ = {
			isa = PBXProject;
			attributes = {
				LastSwiftUpdateCheck = 1250;
				LastUpgradeCheck = 1250;
				TargetAttributes = {
					9C6007EF26C526A80064EAB8 = {
						CreatedOnToolsVersion = 12.5.1;
					};
				};
			};
			buildConfigurationList = 9C6007EB26C526A80064EAB8 /* Build configuration list for PBXProject "CountriesFlags" */;
			compatibilityVersion = "Xcode 9.3";
			developmentRegion = en;
			hasScannedForEncodings = 0;
			knownRegions = (
				en,
				Base,
			);
			mainGroup = 9C6007E726C526A80064EAB8;
			productRefGroup = 9C6007F126C526A80064EAB8 /* Products */;
			projectDirPath = "";
			projectRoot = "";
			targets = (
				9C6007EF26C526A80064EAB8 /* CountriesFlags */,
			);
		};
/* End PBXProject section */

/* Begin PBXResourcesBuildPhase section */
		9C6007EE26C526A80064EAB8 /* Resources */ = {
			isa = PBXResourcesBuildPhase;
			buildActionMask = 2147483647;
			files = (
				9C60080026C526A90064EAB8 /* LaunchScreen.storyboard in Resources */,
				9C6007FD26C526A90064EAB8 /* Assets.xcassets in Resources */,
			);
			runOnlyForDeploymentPostprocessing = 0;
		};
/* End PBXResourcesBuildPhase section */

/* Begin PBXShellScriptBuildPhase section */
		80DE1D581D89EC8C841F644E /* [CP] Embed Pods Frameworks */ = {
			isa = PBXShellScriptBuildPhase;
			buildActionMask = 2147483647;
			files = (
			);
			inputFileListPaths = (
				"${PODS_ROOT}/Target Support Files/Pods-CountriesFlags/Pods-CountriesFlags-frameworks-${CONFIGURATION}-input-files.xcfilelist",
			);
			name = "[CP] Embed Pods Frameworks";
			outputFileListPaths = (
				"${PODS_ROOT}/Target Support Files/Pods-CountriesFlags/Pods-CountriesFlags-frameworks-${CONFIGURATION}-output-files.xcfilelist",
			);
			runOnlyForDeploymentPostprocessing = 0;
			shellPath = /bin/sh;
			shellScript = "\"${PODS_ROOT}/Target Support Files/Pods-CountriesFlags/Pods-CountriesFlags-frameworks.sh\"\n";
			showEnvVarsInLog = 0;
		};
		DEF0BD6D758A0B5FEE828B72 /* [CP] Check Pods Manifest.lock */ = {
			isa = PBXShellScriptBuildPhase;
			buildActionMask = 2147483647;
			files = (
			);
			inputFileListPaths = (
			);
			inputPaths = (
				"${PODS_PODFILE_DIR_PATH}/Podfile.lock",
				"${PODS_ROOT}/Manifest.lock",
			);
			name = "[CP] Check Pods Manifest.lock";
			outputFileListPaths = (
			);
			outputPaths = (
				"$(DERIVED_FILE_DIR)/Pods-CountriesFlags-checkManifestLockResult.txt",
			);
			runOnlyForDeploymentPostprocessing = 0;
			shellPath = /bin/sh;
			shellScript = "diff \"${PODS_PODFILE_DIR_PATH}/Podfile.lock\" \"${PODS_ROOT}/Manifest.lock\" > /dev/null\nif [ $? != 0 ] ; then\n    # print error to STDERR\n    echo \"error: The sandbox is not in sync with the Podfile.lock. Run 'pod install' or update your CocoaPods installation.\" >&2\n    exit 1\nfi\n# This output is used by Xcode 'outputs' to avoid re-running this script phase.\necho \"SUCCESS\" > \"${SCRIPT_OUTPUT_FILE_0}\"\n";
			showEnvVarsInLog = 0;
		};
/* End PBXShellScriptBuildPhase section */

/* Begin PBXSourcesBuildPhase section */
		9C6007EC26C526A80064EAB8 /* Sources */ = {
			isa = PBXSourcesBuildPhase;
			buildActionMask = 2147483647;
			files = (
				9C6007F826C526A80064EAB8 /* FlagsViewController.swift in Sources */,
				9C60081126C5418D0064EAB8 /* ToDo.swift in Sources */,
				9C60081E26C566680064EAB8 /* FlagCollectionViewCell.swift in Sources */,
				9C6007F426C526A80064EAB8 /* AppDelegate.swift in Sources */,
				9C6007F626C526A80064EAB8 /* SceneDelegate.swift in Sources */,
				9C60080B26C53DC90064EAB8 /* MainViewController.swift in Sources */,
				9C60081526C543EC0064EAB8 /* FlagModel.swift in Sources */,
				9C60080F26C53ECB0064EAB8 /* FlagsView.swift in Sources */,
				9C60081826C54FA50064EAB8 /* UIViewExtensions.swift in Sources */,
				9C60081B26C553060064EAB8 /* Assets.swift in Sources */,
				9C60080D26C53EB70064EAB8 /* FlagsViewModel.swift in Sources */,
			);
			runOnlyForDeploymentPostprocessing = 0;
		};
/* End PBXSourcesBuildPhase section */

/* Begin PBXVariantGroup section */
		9C6007FE26C526A90064EAB8 /* LaunchScreen.storyboard */ = {
			isa = PBXVariantGroup;
			children = (
				9C6007FF26C526A90064EAB8 /* Base */,
			);
			name = LaunchScreen.storyboard;
			sourceTree = "<group>";
		};
/* End PBXVariantGroup section */

/* Begin XCBuildConfiguration section */
		9C60080226C526A90064EAB8 /* Debug */ = {
			isa = XCBuildConfiguration;
			buildSettings = {
				ALWAYS_SEARCH_USER_PATHS = NO;
				CLANG_ANALYZER_NONNULL = YES;
				CLANG_ANALYZER_NUMBER_OBJECT_CONVERSION = YES_AGGRESSIVE;
				CLANG_CXX_LANGUAGE_STANDARD = "gnu++14";
				CLANG_CXX_LIBRARY = "libc++";
				CLANG_ENABLE_MODULES = YES;
				CLANG_ENABLE_OBJC_ARC = YES;
				CLANG_ENABLE_OBJC_WEAK = YES;
				CLANG_WARN_BLOCK_CAPTURE_AUTORELEASING = YES;
				CLANG_WARN_BOOL_CONVERSION = YES;
				CLANG_WARN_COMMA = YES;
				CLANG_WARN_CONSTANT_CONVERSION = YES;
				CLANG_WARN_DEPRECATED_OBJC_IMPLEMENTATIONS = YES;
				CLANG_WARN_DIRECT_OBJC_ISA_USAGE = YES_ERROR;
				CLANG_WARN_DOCUMENTATION_COMMENTS = YES;
				CLANG_WARN_EMPTY_BODY = YES;
				CLANG_WARN_ENUM_CONVERSION = YES;
				CLANG_WARN_INFINITE_RECURSION = YES;
				CLANG_WARN_INT_CONVERSION = YES;
				CLANG_WARN_NON_LITERAL_NULL_CONVERSION = YES;
				CLANG_WARN_OBJC_IMPLICIT_RETAIN_SELF = YES;
				CLANG_WARN_OBJC_LITERAL_CONVERSION = YES;
				CLANG_WARN_OBJC_ROOT_CLASS = YES_ERROR;
				CLANG_WARN_QUOTED_INCLUDE_IN_FRAMEWORK_HEADER = YES;
				CLANG_WARN_RANGE_LOOP_ANALYSIS = YES;
				CLANG_WARN_STRICT_PROTOTYPES = YES;
				CLANG_WARN_SUSPICIOUS_MOVE = YES;
				CLANG_WARN_UNGUARDED_AVAILABILITY = YES_AGGRESSIVE;
				CLANG_WARN_UNREACHABLE_CODE = YES;
				CLANG_WARN__DUPLICATE_METHOD_MATCH = YES;
				COPY_PHASE_STRIP = NO;
				DEBUG_INFORMATION_FORMAT = dwarf;
				ENABLE_STRICT_OBJC_MSGSEND = YES;
				ENABLE_TESTABILITY = YES;
				GCC_C_LANGUAGE_STANDARD = gnu11;
				GCC_DYNAMIC_NO_PIC = NO;
				GCC_NO_COMMON_BLOCKS = YES;
				GCC_OPTIMIZATION_LEVEL = 0;
				GCC_PREPROCESSOR_DEFINITIONS = (
					"DEBUG=1",
					"$(inherited)",
				);
				GCC_WARN_64_TO_32_BIT_CONVERSION = YES;
				GCC_WARN_ABOUT_RETURN_TYPE = YES_ERROR;
				GCC_WARN_UNDECLARED_SELECTOR = YES;
				GCC_WARN_UNINITIALIZED_AUTOS = YES_AGGRESSIVE;
				GCC_WARN_UNUSED_FUNCTION = YES;
				GCC_WARN_UNUSED_VARIABLE = YES;
				IPHONEOS_DEPLOYMENT_TARGET = 14.5;
				MTL_ENABLE_DEBUG_INFO = INCLUDE_SOURCE;
				MTL_FAST_MATH = YES;
				ONLY_ACTIVE_ARCH = YES;
				SDKROOT = iphoneos;
				SWIFT_ACTIVE_COMPILATION_CONDITIONS = DEBUG;
				SWIFT_OPTIMIZATION_LEVEL = "-Onone";
			};
			name = Debug;
		};
		9C60080326C526A90064EAB8 /* Release */ = {
			isa = XCBuildConfiguration;
			buildSettings = {
				ALWAYS_SEARCH_USER_PATHS = NO;
				CLANG_ANALYZER_NONNULL = YES;
				CLANG_ANALYZER_NUMBER_OBJECT_CONVERSION = YES_AGGRESSIVE;
				CLANG_CXX_LANGUAGE_STANDARD = "gnu++14";
				CLANG_CXX_LIBRARY = "libc++";
				CLANG_ENABLE_MODULES = YES;
				CLANG_ENABLE_OBJC_ARC = YES;
				CLANG_ENABLE_OBJC_WEAK = YES;
				CLANG_WARN_BLOCK_CAPTURE_AUTORELEASING = YES;
				CLANG_WARN_BOOL_CONVERSION = YES;
				CLANG_WARN_COMMA = YES;
				CLANG_WARN_CONSTANT_CONVERSION = YES;
				CLANG_WARN_DEPRECATED_OBJC_IMPLEMENTATIONS = YES;
				CLANG_WARN_DIRECT_OBJC_ISA_USAGE = YES_ERROR;
				CLANG_WARN_DOCUMENTATION_COMMENTS = YES;
				CLANG_WARN_EMPTY_BODY = YES;
				CLANG_WARN_ENUM_CONVERSION = YES;
				CLANG_WARN_INFINITE_RECURSION = YES;
				CLANG_WARN_INT_CONVERSION = YES;
				CLANG_WARN_NON_LITERAL_NULL_CONVERSION = YES;
				CLANG_WARN_OBJC_IMPLICIT_RETAIN_SELF = YES;
				CLANG_WARN_OBJC_LITERAL_CONVERSION = YES;
				CLANG_WARN_OBJC_ROOT_CLASS = YES_ERROR;
				CLANG_WARN_QUOTED_INCLUDE_IN_FRAMEWORK_HEADER = YES;
				CLANG_WARN_RANGE_LOOP_ANALYSIS = YES;
				CLANG_WARN_STRICT_PROTOTYPES = YES;
				CLANG_WARN_SUSPICIOUS_MOVE = YES;
				CLANG_WARN_UNGUARDED_AVAILABILITY = YES_AGGRESSIVE;
				CLANG_WARN_UNREACHABLE_CODE = YES;
				CLANG_WARN__DUPLICATE_METHOD_MATCH = YES;
				COPY_PHASE_STRIP = NO;
				DEBUG_INFORMATION_FORMAT = "dwarf-with-dsym";
				ENABLE_NS_ASSERTIONS = NO;
				ENABLE_STRICT_OBJC_MSGSEND = YES;
				GCC_C_LANGUAGE_STANDARD = gnu11;
				GCC_NO_COMMON_BLOCKS = YES;
				GCC_WARN_64_TO_32_BIT_CONVERSION = YES;
				GCC_WARN_ABOUT_RETURN_TYPE = YES_ERROR;
				GCC_WARN_UNDECLARED_SELECTOR = YES;
				GCC_WARN_UNINITIALIZED_AUTOS = YES_AGGRESSIVE;
				GCC_WARN_UNUSED_FUNCTION = YES;
				GCC_WARN_UNUSED_VARIABLE = YES;
				IPHONEOS_DEPLOYMENT_TARGET = 14.5;
				MTL_ENABLE_DEBUG_INFO = NO;
				MTL_FAST_MATH = YES;
				SDKROOT = iphoneos;
				SWIFT_COMPILATION_MODE = wholemodule;
				SWIFT_OPTIMIZATION_LEVEL = "-O";
				VALIDATE_PRODUCT = YES;
			};
			name = Release;
		};
		9C60080526C526A90064EAB8 /* Debug */ = {
			isa = XCBuildConfiguration;
			baseConfigurationReference = 9C5FFC021F7A06D3B80D8083 /* Pods-CountriesFlags.debug.xcconfig */;
			buildSettings = {
				ASSETCATALOG_COMPILER_APPICON_NAME = AppIcon;
				ASSETCATALOG_COMPILER_GLOBAL_ACCENT_COLOR_NAME = AccentColor;
				CODE_SIGN_STYLE = Automatic;
				DEVELOPMENT_TEAM = 4638CW8H99;
				INFOPLIST_FILE = CountriesFlags/Info.plist;
				LD_RUNPATH_SEARCH_PATHS = (
					"$(inherited)",
					"@executable_path/Frameworks",
				);
				PRODUCT_BUNDLE_IDENTIFIER = com.MarinaA.CountriesFlags;
				PRODUCT_NAME = "$(TARGET_NAME)";
				SWIFT_VERSION = 5.0;
				TARGETED_DEVICE_FAMILY = "1,2";
			};
			name = Debug;
		};
		9C60080626C526A90064EAB8 /* Release */ = {
			isa = XCBuildConfiguration;
			baseConfigurationReference = 7E09EADF63C4E4031B9DF587 /* Pods-CountriesFlags.release.xcconfig */;
			buildSettings = {
				ASSETCATALOG_COMPILER_APPICON_NAME = AppIcon;
				ASSETCATALOG_COMPILER_GLOBAL_ACCENT_COLOR_NAME = AccentColor;
				CODE_SIGN_STYLE = Automatic;
				DEVELOPMENT_TEAM = 4638CW8H99;
				INFOPLIST_FILE = CountriesFlags/Info.plist;
				LD_RUNPATH_SEARCH_PATHS = (
					"$(inherited)",
					"@executable_path/Frameworks",
				);
				PRODUCT_BUNDLE_IDENTIFIER = com.MarinaA.CountriesFlags;
				PRODUCT_NAME = "$(TARGET_NAME)";
				SWIFT_VERSION = 5.0;
				TARGETED_DEVICE_FAMILY = "1,2";
			};
			name = Release;
		};
/* End XCBuildConfiguration section */

/* Begin XCConfigurationList section */
		9C6007EB26C526A80064EAB8 /* Build configuration list for PBXProject "CountriesFlags" */ = {
			isa = XCConfigurationList;
			buildConfigurations = (
				9C60080226C526A90064EAB8 /* Debug */,
				9C60080326C526A90064EAB8 /* Release */,
			);
			defaultConfigurationIsVisible = 0;
			defaultConfigurationName = Release;
		};
		9C60080426C526A90064EAB8 /* Build configuration list for PBXNativeTarget "CountriesFlags" */ = {
			isa = XCConfigurationList;
			buildConfigurations = (
				9C60080526C526A90064EAB8 /* Debug */,
				9C60080626C526A90064EAB8 /* Release */,
			);
			defaultConfigurationIsVisible = 0;
			defaultConfigurationName = Release;
		};
/* End XCConfigurationList section */
	};
	rootObject = 9C6007E826C526A80064EAB8 /* Project object */;
}
